// !$*UTF8*$!
{
	archiveVersion = 1;
	classes = {
	};
	objectVersion = 48;
	objects = {

/* Begin PBXBuildFile section */
		00EE3ACA1E263025DA91D291 /* createTaskRouterTests.swift in Sources */ = {isa = PBXBuildFile; fileRef = 0987107E430AAB696FC7C270 /* createTaskRouterTests.swift */; };
		013AC0D23336F072FAC8812E /* TaskListInitializer.swift in Sources */ = {isa = PBXBuildFile; fileRef = 7955EC531941ABB9FFF9DF92 /* TaskListInitializer.swift */; };
		026CF6993E87E68FD5001461 /* TaskListViewTests.swift in Sources */ = {isa = PBXBuildFile; fileRef = BA1E76794541536D9FDDC8BA /* TaskListViewTests.swift */; };
		14642FF72D5F0E0795084EC7 /* CreateTaskInitializer.swift in Sources */ = {isa = PBXBuildFile; fileRef = 642036183B434CC2A371B860 /* CreateTaskInitializer.swift */; };
		1A5EE505B7CB720EE445A627 /* TaskListRouterTests.swift in Sources */ = {isa = PBXBuildFile; fileRef = 839235EEA4E1AAAF90759722 /* TaskListRouterTests.swift */; };
		21B8D410F3A10A116CEF57DD /* createTaskInteractorTests.swift in Sources */ = {isa = PBXBuildFile; fileRef = 4705EEB2E9950562CA6B5260 /* createTaskInteractorTests.swift */; };
		27A1246BE55DA6EBC216C0CB /* CreateTaskRouterInput.swift in Sources */ = {isa = PBXBuildFile; fileRef = 3A74C2EED54CD1254AEB5AE3 /* CreateTaskRouterInput.swift */; };
		28C3BC9DFCC6B0916E8D4CB2 /* TaskListInteractorOutput.swift in Sources */ = {isa = PBXBuildFile; fileRef = 318625D45B34CAC06E65BD27 /* TaskListInteractorOutput.swift */; };
		297CE1C617FC5AF63A9D0A31 /* CreateTaskConfigurator.swift in Sources */ = {isa = PBXBuildFile; fileRef = BBF0BE6BB0A3F498B6609D92 /* CreateTaskConfigurator.swift */; };
		2A8E37ECCC3A2EAD47628B44 /* createTaskViewTests.swift in Sources */ = {isa = PBXBuildFile; fileRef = A2B32BB9C7521B3A3BF601C9 /* createTaskViewTests.swift */; };
		2D939ACCAA4067D22C519D7B /* TaskListInteractor.swift in Sources */ = {isa = PBXBuildFile; fileRef = 6D0CEFE8552625E74B6DA5DC /* TaskListInteractor.swift */; };
		3230F47BA6DD3A3CA1F00056 /* CreateTaskConfiguratorTests.swift in Sources */ = {isa = PBXBuildFile; fileRef = E227D8F10264AC4093D86116 /* CreateTaskConfiguratorTests.swift */; };
		36EBE43F20EAB68C005F74CB /* AppDelegate.swift in Sources */ = {isa = PBXBuildFile; fileRef = 36EBE43E20EAB68C005F74CB /* AppDelegate.swift */; };
		36EBE44420EAB68C005F74CB /* Main.storyboard in Resources */ = {isa = PBXBuildFile; fileRef = 36EBE44220EAB68C005F74CB /* Main.storyboard */; };
		36EBE44720EAB68C005F74CB /* anotherTodo.xcdatamodeld in Sources */ = {isa = PBXBuildFile; fileRef = 36EBE44520EAB68C005F74CB /* anotherTodo.xcdatamodeld */; };
		36EBE44920EAB68E005F74CB /* Assets.xcassets in Resources */ = {isa = PBXBuildFile; fileRef = 36EBE44820EAB68E005F74CB /* Assets.xcassets */; };
		36EBE44C20EAB68E005F74CB /* LaunchScreen.storyboard in Resources */ = {isa = PBXBuildFile; fileRef = 36EBE44A20EAB68E005F74CB /* LaunchScreen.storyboard */; };
		36EBE45720EAB68E005F74CB /* anotherTodoTests.swift in Sources */ = {isa = PBXBuildFile; fileRef = 36EBE45620EAB68E005F74CB /* anotherTodoTests.swift */; };
		3B81FCD2A4FA56D41D068B08 /* CreateTaskInteractorOutput.swift in Sources */ = {isa = PBXBuildFile; fileRef = E8AF5777446F073C3A641D35 /* CreateTaskInteractorOutput.swift */; };
		3F4636BB2DFA583B61887FA0 /* TaskListViewOutput.swift in Sources */ = {isa = PBXBuildFile; fileRef = 1A7D9131E3EFC488908E38B2 /* TaskListViewOutput.swift */; };
		464FAC0110E96C38DF5F91BC /* CreateTaskPresenter.swift in Sources */ = {isa = PBXBuildFile; fileRef = FB38168A9F4E5337932E0035 /* CreateTaskPresenter.swift */; };
		47429DD0D867D98A9ABFB196 /* createTaskConfiguratorTests.swift in Sources */ = {isa = PBXBuildFile; fileRef = 009A25C72F4AA5DAC3D89378 /* createTaskConfiguratorTests.swift */; };
		4C6446683C35C162C2461CEE /* CreateTaskInteractorInput.swift in Sources */ = {isa = PBXBuildFile; fileRef = 80064612224558DBBCA8196C /* CreateTaskInteractorInput.swift */; };
		5F5D9C2133D7677BD7620445 /* CreateTaskRouterTests.swift in Sources */ = {isa = PBXBuildFile; fileRef = 351F9AA0340E0B2858DEC06A /* CreateTaskRouterTests.swift */; };
		69F4E27B2ACA97C5385F750B /* TaskListInteractorInput.swift in Sources */ = {isa = PBXBuildFile; fileRef = 5E2D799D18DD1E7DA46CCD62 /* TaskListInteractorInput.swift */; };
		6AD5A91909FEA306E54A9136 /* TaskListViewController.swift in Sources */ = {isa = PBXBuildFile; fileRef = CF68E5C6F3D92B5B48F4432E /* TaskListViewController.swift */; };
		768773F4611FF4FCB6002FFA /* CreateTaskViewTests.swift in Sources */ = {isa = PBXBuildFile; fileRef = 3406DB1B3F2CC7E9973980B0 /* CreateTaskViewTests.swift */; };
		7C827C61ACA7D3990E7601B8 /* TaskListConfiguratorTests.swift in Sources */ = {isa = PBXBuildFile; fileRef = 1FD42FCCF8D4DF513509460A /* TaskListConfiguratorTests.swift */; };
		7CD2142D7F240BBAFD135C9F /* CreateTaskModuleInput.swift in Sources */ = {isa = PBXBuildFile; fileRef = 2C909748127053F5D6A2A1A9 /* CreateTaskModuleInput.swift */; };
		86E62E8747EA7EA6F735C784 /* CreateTaskRouter.swift in Sources */ = {isa = PBXBuildFile; fileRef = 53156B922BC09CFC4C687A0D /* CreateTaskRouter.swift */; };
		911C3A7F6FA5BC76DD710552 /* CreateTaskViewInput.swift in Sources */ = {isa = PBXBuildFile; fileRef = 4BD0E63A68F66DB8C5BD16F8 /* CreateTaskViewInput.swift */; };
		966DCBB80EB27B0C636C164C /* TaskListViewInput.swift in Sources */ = {isa = PBXBuildFile; fileRef = 2A1BC6FE964DBC968F487942 /* TaskListViewInput.swift */; };
		9ECB32AD8EEAD899D4189A3A /* TaskListRouterInput.swift in Sources */ = {isa = PBXBuildFile; fileRef = C64A0B3784818504722BD53F /* TaskListRouterInput.swift */; };
		AAF03D78F16030DB158A1730 /* CreateTaskInteractor.swift in Sources */ = {isa = PBXBuildFile; fileRef = 558CC83D410BE4246B7929E2 /* CreateTaskInteractor.swift */; };
		C426E5998B24FF98439AA540 /* TaskListInteractorTests.swift in Sources */ = {isa = PBXBuildFile; fileRef = 78C3C78D8D11DDA286256369 /* TaskListInteractorTests.swift */; };
		D07AA85263746F35D66D7BF9 /* CreateTaskViewOutput.swift in Sources */ = {isa = PBXBuildFile; fileRef = 7FBF10F23B4D8BBA04C01D69 /* CreateTaskViewOutput.swift */; };
		D666E667F876F4587E62C06E /* TaskListConfigurator.swift in Sources */ = {isa = PBXBuildFile; fileRef = 95C48D4FE5001BB3F7CCD954 /* TaskListConfigurator.swift */; };
		D6D8D02FD329DF66BCCCF2AD /* TaskListRouter.swift in Sources */ = {isa = PBXBuildFile; fileRef = CC9FA029A212BAF32ADCB5E7 /* TaskListRouter.swift */; };
		D957EE2F071D01879B93A474 /* TaskListPresenter.swift in Sources */ = {isa = PBXBuildFile; fileRef = 56F46A84021ECC4FDD033359 /* TaskListPresenter.swift */; };
		D9A900DFD2DE90C614DA20F9 /* Pods_anotherTodoTests.framework in Frameworks */ = {isa = PBXBuildFile; fileRef = 8E8C433214196D3E7301626B /* Pods_anotherTodoTests.framework */; };
		DA6DF2676F87F4C875ACBB55 /* TaskListPresenterTests.swift in Sources */ = {isa = PBXBuildFile; fileRef = F34798F21C3B6EC6895BAFE4 /* TaskListPresenterTests.swift */; };
		DC41686AE1CE7B1147A05B5D /* createTaskPresenterTests.swift in Sources */ = {isa = PBXBuildFile; fileRef = E958275CA462A29D4F2DA857 /* createTaskPresenterTests.swift */; };
		DE71AD231F9CD04CD3E59212 /* CreateTaskInteractorTests.swift in Sources */ = {isa = PBXBuildFile; fileRef = 2B7C860239360272A229978E /* CreateTaskInteractorTests.swift */; };
		E066C177E8CF840307C49EA3 /* Pods_anotherTodo.framework in Frameworks */ = {isa = PBXBuildFile; fileRef = FE81579A25E2D35DEA140218 /* Pods_anotherTodo.framework */; };
		F0DFF01E09CAFFA5333C556F /* ShareTaskServiceInput.swift in Sources */ = {isa = PBXBuildFile; fileRef = F0DFFCB726EA112719DA8517 /* ShareTaskServiceInput.swift */; };
		F0DFF121B07D9B66A79D809C /* DeleteTaskServiceInput.swift in Sources */ = {isa = PBXBuildFile; fileRef = F0DFF3D6980C11483155715B /* DeleteTaskServiceInput.swift */; };
		F0DFF3AF882A171E929BFBD1 /* Error.swift in Sources */ = {isa = PBXBuildFile; fileRef = F0DFFCF82554FA31A2885B9A /* Error.swift */; };
		F0DFF48DDC367C61989D436D /* ShareTaskServiceOutput.swift in Sources */ = {isa = PBXBuildFile; fileRef = F0DFF6F8E65515549B4FD64F /* ShareTaskServiceOutput.swift */; };
		F0DFF59F2A506D5F184A7C29 /* GetTaskServiceOutput.swift in Sources */ = {isa = PBXBuildFile; fileRef = F0DFFEFAC8D27642382AB137 /* GetTaskServiceOutput.swift */; };
		F0DFF6A6E45240D9BA422E65 /* CreateTaskServiceInput.swift in Sources */ = {isa = PBXBuildFile; fileRef = F0DFF1E328182544C772392C /* CreateTaskServiceInput.swift */; };
		F0DFF8137A4611C3899EED0B /* ShareTaskService.swift in Sources */ = {isa = PBXBuildFile; fileRef = F0DFF52852E3092536A620BC /* ShareTaskService.swift */; };
		F0DFFA1E68FE1EC50885A59C /* NotificationServiceInput.swift in Sources */ = {isa = PBXBuildFile; fileRef = F0DFF8E27539299585AB269A /* NotificationServiceInput.swift */; };
		F0DFFA3BD64D39BA122ABC90 /* DeleteTaskServiceOutput.swift in Sources */ = {isa = PBXBuildFile; fileRef = F0DFFC39054BB73A904285BF /* DeleteTaskServiceOutput.swift */; };
		F0DFFB3FCE459345177B64E4 /* TaskService.swift in Sources */ = {isa = PBXBuildFile; fileRef = F0DFF6156630E6B78D928BE4 /* TaskService.swift */; };
		F0DFFBA55C5913BCA3A164A2 /* const.swift in Sources */ = {isa = PBXBuildFile; fileRef = F0DFF099BB47E7BDCF4A6B79 /* const.swift */; };
		F0DFFCB0593C2B799684A4DA /* CreateTaskServiceOutput.swift in Sources */ = {isa = PBXBuildFile; fileRef = F0DFF2718788505341095DBB /* CreateTaskServiceOutput.swift */; };
		F0DFFE46AC9F088D6A985C3E /* NotificationService.swift in Sources */ = {isa = PBXBuildFile; fileRef = F0DFF9E536C1846790100E31 /* NotificationService.swift */; };
		F0DFFF7BFBBB93E9ACAF2047 /* GetTaskServiceInput.swift in Sources */ = {isa = PBXBuildFile; fileRef = F0DFFA5B1AB013E69852550F /* GetTaskServiceInput.swift */; };
		F36DDE12C280ABEE9340D8BC /* CreateTaskViewController.swift in Sources */ = {isa = PBXBuildFile; fileRef = E83F9643519B411EDA9665D6 /* CreateTaskViewController.swift */; };
		F8F980F1D4F7D1457BA48E63 /* TaskListModuleInput.swift in Sources */ = {isa = PBXBuildFile; fileRef = 2DCB0E4E2D08182A9547D4DF /* TaskListModuleInput.swift */; };
		FFA6A1CD49D160C4C7980FC3 /* CreateTaskPresenterTests.swift in Sources */ = {isa = PBXBuildFile; fileRef = E201A21F3C6A8C4F470F0F85 /* CreateTaskPresenterTests.swift */; };
/* End PBXBuildFile section */

/* Begin PBXContainerItemProxy section */
		36EBE45320EAB68E005F74CB /* PBXContainerItemProxy */ = {
			isa = PBXContainerItemProxy;
			containerPortal = 36EBE43320EAB68C005F74CB /* Project object */;
			proxyType = 1;
			remoteGlobalIDString = 36EBE43A20EAB68C005F74CB;
			remoteInfo = anotherTodo;
		};
/* End PBXContainerItemProxy section */

/* Begin PBXFileReference section */
		009A25C72F4AA5DAC3D89378 /* createTaskConfiguratorTests.swift */ = {isa = PBXFileReference; includeInIndex = 1; lastKnownFileType = sourcecode.swift; path = createTaskConfiguratorTests.swift; sourceTree = "<group>"; };
		091C8719432DA1B76F70BAE8 /* Pods-anotherTodoTests.release.xcconfig */ = {isa = PBXFileReference; includeInIndex = 1; lastKnownFileType = text.xcconfig; name = "Pods-anotherTodoTests.release.xcconfig"; path = "Pods/Target Support Files/Pods-anotherTodoTests/Pods-anotherTodoTests.release.xcconfig"; sourceTree = "<group>"; };
		0987107E430AAB696FC7C270 /* createTaskRouterTests.swift */ = {isa = PBXFileReference; includeInIndex = 1; lastKnownFileType = sourcecode.swift; path = createTaskRouterTests.swift; sourceTree = "<group>"; };
		1A7D9131E3EFC488908E38B2 /* TaskListViewOutput.swift */ = {isa = PBXFileReference; includeInIndex = 1; lastKnownFileType = sourcecode.swift; path = TaskListViewOutput.swift; sourceTree = "<group>"; };
		1FD42FCCF8D4DF513509460A /* TaskListConfiguratorTests.swift */ = {isa = PBXFileReference; includeInIndex = 1; lastKnownFileType = sourcecode.swift; path = TaskListConfiguratorTests.swift; sourceTree = "<group>"; };
		22187209D93E1BF927B7EB5E /* Pods-anotherTodoTests.debug.xcconfig */ = {isa = PBXFileReference; includeInIndex = 1; lastKnownFileType = text.xcconfig; name = "Pods-anotherTodoTests.debug.xcconfig"; path = "Pods/Target Support Files/Pods-anotherTodoTests/Pods-anotherTodoTests.debug.xcconfig"; sourceTree = "<group>"; };
		2A1BC6FE964DBC968F487942 /* TaskListViewInput.swift */ = {isa = PBXFileReference; includeInIndex = 1; lastKnownFileType = sourcecode.swift; path = TaskListViewInput.swift; sourceTree = "<group>"; };
		2B7C860239360272A229978E /* CreateTaskInteractorTests.swift */ = {isa = PBXFileReference; includeInIndex = 1; lastKnownFileType = sourcecode.swift; path = CreateTaskInteractorTests.swift; sourceTree = "<group>"; };
		2C909748127053F5D6A2A1A9 /* CreateTaskModuleInput.swift */ = {isa = PBXFileReference; includeInIndex = 1; lastKnownFileType = sourcecode.swift; path = CreateTaskModuleInput.swift; sourceTree = "<group>"; };
		2DCB0E4E2D08182A9547D4DF /* TaskListModuleInput.swift */ = {isa = PBXFileReference; includeInIndex = 1; lastKnownFileType = sourcecode.swift; path = TaskListModuleInput.swift; sourceTree = "<group>"; };
		318625D45B34CAC06E65BD27 /* TaskListInteractorOutput.swift */ = {isa = PBXFileReference; includeInIndex = 1; lastKnownFileType = sourcecode.swift; path = TaskListInteractorOutput.swift; sourceTree = "<group>"; };
		3406DB1B3F2CC7E9973980B0 /* CreateTaskViewTests.swift */ = {isa = PBXFileReference; includeInIndex = 1; lastKnownFileType = sourcecode.swift; path = CreateTaskViewTests.swift; sourceTree = "<group>"; };
		351F9AA0340E0B2858DEC06A /* CreateTaskRouterTests.swift */ = {isa = PBXFileReference; includeInIndex = 1; lastKnownFileType = sourcecode.swift; path = CreateTaskRouterTests.swift; sourceTree = "<group>"; };
		36EBE43B20EAB68C005F74CB /* anotherTodo.app */ = {isa = PBXFileReference; explicitFileType = wrapper.application; includeInIndex = 0; path = anotherTodo.app; sourceTree = BUILT_PRODUCTS_DIR; };
		36EBE43E20EAB68C005F74CB /* AppDelegate.swift */ = {isa = PBXFileReference; lastKnownFileType = sourcecode.swift; path = AppDelegate.swift; sourceTree = "<group>"; };
		36EBE44320EAB68C005F74CB /* Base */ = {isa = PBXFileReference; lastKnownFileType = file.storyboard; name = Base; path = Base.lproj/Main.storyboard; sourceTree = "<group>"; };
		36EBE44620EAB68C005F74CB /* anotherTodo.xcdatamodel */ = {isa = PBXFileReference; lastKnownFileType = wrapper.xcdatamodel; path = anotherTodo.xcdatamodel; sourceTree = "<group>"; };
		36EBE44820EAB68E005F74CB /* Assets.xcassets */ = {isa = PBXFileReference; lastKnownFileType = folder.assetcatalog; path = Assets.xcassets; sourceTree = "<group>"; };
		36EBE44B20EAB68E005F74CB /* Base */ = {isa = PBXFileReference; lastKnownFileType = file.storyboard; name = Base; path = Base.lproj/LaunchScreen.storyboard; sourceTree = "<group>"; };
		36EBE44D20EAB68E005F74CB /* Info.plist */ = {isa = PBXFileReference; lastKnownFileType = text.plist.xml; path = Info.plist; sourceTree = "<group>"; };
		36EBE45220EAB68E005F74CB /* anotherTodoTests.xctest */ = {isa = PBXFileReference; explicitFileType = wrapper.cfbundle; includeInIndex = 0; path = anotherTodoTests.xctest; sourceTree = BUILT_PRODUCTS_DIR; };
		36EBE45620EAB68E005F74CB /* anotherTodoTests.swift */ = {isa = PBXFileReference; lastKnownFileType = sourcecode.swift; path = anotherTodoTests.swift; sourceTree = "<group>"; };
		36EBE45820EAB68E005F74CB /* Info.plist */ = {isa = PBXFileReference; lastKnownFileType = text.plist.xml; path = Info.plist; sourceTree = "<group>"; };
		3A74C2EED54CD1254AEB5AE3 /* CreateTaskRouterInput.swift */ = {isa = PBXFileReference; includeInIndex = 1; lastKnownFileType = sourcecode.swift; path = CreateTaskRouterInput.swift; sourceTree = "<group>"; };
		4705EEB2E9950562CA6B5260 /* createTaskInteractorTests.swift */ = {isa = PBXFileReference; includeInIndex = 1; lastKnownFileType = sourcecode.swift; path = createTaskInteractorTests.swift; sourceTree = "<group>"; };
		4BD0E63A68F66DB8C5BD16F8 /* CreateTaskViewInput.swift */ = {isa = PBXFileReference; includeInIndex = 1; lastKnownFileType = sourcecode.swift; path = CreateTaskViewInput.swift; sourceTree = "<group>"; };
		53156B922BC09CFC4C687A0D /* CreateTaskRouter.swift */ = {isa = PBXFileReference; includeInIndex = 1; lastKnownFileType = sourcecode.swift; path = CreateTaskRouter.swift; sourceTree = "<group>"; };
		558CC83D410BE4246B7929E2 /* CreateTaskInteractor.swift */ = {isa = PBXFileReference; includeInIndex = 1; lastKnownFileType = sourcecode.swift; path = CreateTaskInteractor.swift; sourceTree = "<group>"; };
		56F46A84021ECC4FDD033359 /* TaskListPresenter.swift */ = {isa = PBXFileReference; includeInIndex = 1; lastKnownFileType = sourcecode.swift; path = TaskListPresenter.swift; sourceTree = "<group>"; };
		5E2D799D18DD1E7DA46CCD62 /* TaskListInteractorInput.swift */ = {isa = PBXFileReference; includeInIndex = 1; lastKnownFileType = sourcecode.swift; path = TaskListInteractorInput.swift; sourceTree = "<group>"; };
		642036183B434CC2A371B860 /* CreateTaskInitializer.swift */ = {isa = PBXFileReference; includeInIndex = 1; lastKnownFileType = sourcecode.swift; path = CreateTaskInitializer.swift; sourceTree = "<group>"; };
		6D0CEFE8552625E74B6DA5DC /* TaskListInteractor.swift */ = {isa = PBXFileReference; includeInIndex = 1; lastKnownFileType = sourcecode.swift; path = TaskListInteractor.swift; sourceTree = "<group>"; };
		78C3C78D8D11DDA286256369 /* TaskListInteractorTests.swift */ = {isa = PBXFileReference; includeInIndex = 1; lastKnownFileType = sourcecode.swift; path = TaskListInteractorTests.swift; sourceTree = "<group>"; };
		7955EC531941ABB9FFF9DF92 /* TaskListInitializer.swift */ = {isa = PBXFileReference; includeInIndex = 1; lastKnownFileType = sourcecode.swift; path = TaskListInitializer.swift; sourceTree = "<group>"; };
		7FBF10F23B4D8BBA04C01D69 /* CreateTaskViewOutput.swift */ = {isa = PBXFileReference; includeInIndex = 1; lastKnownFileType = sourcecode.swift; path = CreateTaskViewOutput.swift; sourceTree = "<group>"; };
		80064612224558DBBCA8196C /* CreateTaskInteractorInput.swift */ = {isa = PBXFileReference; includeInIndex = 1; lastKnownFileType = sourcecode.swift; path = CreateTaskInteractorInput.swift; sourceTree = "<group>"; };
		839235EEA4E1AAAF90759722 /* TaskListRouterTests.swift */ = {isa = PBXFileReference; includeInIndex = 1; lastKnownFileType = sourcecode.swift; path = TaskListRouterTests.swift; sourceTree = "<group>"; };
		8E8C433214196D3E7301626B /* Pods_anotherTodoTests.framework */ = {isa = PBXFileReference; explicitFileType = wrapper.framework; includeInIndex = 0; path = Pods_anotherTodoTests.framework; sourceTree = BUILT_PRODUCTS_DIR; };
		92DE4519CE6F7B55436373C8 /* Pods-anotherTodo.release.xcconfig */ = {isa = PBXFileReference; includeInIndex = 1; lastKnownFileType = text.xcconfig; name = "Pods-anotherTodo.release.xcconfig"; path = "Pods/Target Support Files/Pods-anotherTodo/Pods-anotherTodo.release.xcconfig"; sourceTree = "<group>"; };
		95C48D4FE5001BB3F7CCD954 /* TaskListConfigurator.swift */ = {isa = PBXFileReference; includeInIndex = 1; lastKnownFileType = sourcecode.swift; path = TaskListConfigurator.swift; sourceTree = "<group>"; };
		A2B32BB9C7521B3A3BF601C9 /* createTaskViewTests.swift */ = {isa = PBXFileReference; includeInIndex = 1; lastKnownFileType = sourcecode.swift; path = createTaskViewTests.swift; sourceTree = "<group>"; };
		ABCE5B815CF5B2BD9EE47E6A /* Pods-anotherTodo.debug.xcconfig */ = {isa = PBXFileReference; includeInIndex = 1; lastKnownFileType = text.xcconfig; name = "Pods-anotherTodo.debug.xcconfig"; path = "Pods/Target Support Files/Pods-anotherTodo/Pods-anotherTodo.debug.xcconfig"; sourceTree = "<group>"; };
		BA1E76794541536D9FDDC8BA /* TaskListViewTests.swift */ = {isa = PBXFileReference; includeInIndex = 1; lastKnownFileType = sourcecode.swift; path = TaskListViewTests.swift; sourceTree = "<group>"; };
		BBF0BE6BB0A3F498B6609D92 /* CreateTaskConfigurator.swift */ = {isa = PBXFileReference; includeInIndex = 1; lastKnownFileType = sourcecode.swift; path = CreateTaskConfigurator.swift; sourceTree = "<group>"; };
		C64A0B3784818504722BD53F /* TaskListRouterInput.swift */ = {isa = PBXFileReference; includeInIndex = 1; lastKnownFileType = sourcecode.swift; path = TaskListRouterInput.swift; sourceTree = "<group>"; };
		CC9FA029A212BAF32ADCB5E7 /* TaskListRouter.swift */ = {isa = PBXFileReference; includeInIndex = 1; lastKnownFileType = sourcecode.swift; path = TaskListRouter.swift; sourceTree = "<group>"; };
		CF68E5C6F3D92B5B48F4432E /* TaskListViewController.swift */ = {isa = PBXFileReference; includeInIndex = 1; lastKnownFileType = sourcecode.swift; path = TaskListViewController.swift; sourceTree = "<group>"; };
		E201A21F3C6A8C4F470F0F85 /* CreateTaskPresenterTests.swift */ = {isa = PBXFileReference; includeInIndex = 1; lastKnownFileType = sourcecode.swift; path = CreateTaskPresenterTests.swift; sourceTree = "<group>"; };
		E227D8F10264AC4093D86116 /* CreateTaskConfiguratorTests.swift */ = {isa = PBXFileReference; includeInIndex = 1; lastKnownFileType = sourcecode.swift; path = CreateTaskConfiguratorTests.swift; sourceTree = "<group>"; };
		E83F9643519B411EDA9665D6 /* CreateTaskViewController.swift */ = {isa = PBXFileReference; includeInIndex = 1; lastKnownFileType = sourcecode.swift; path = CreateTaskViewController.swift; sourceTree = "<group>"; };
		E8AF5777446F073C3A641D35 /* CreateTaskInteractorOutput.swift */ = {isa = PBXFileReference; includeInIndex = 1; lastKnownFileType = sourcecode.swift; path = CreateTaskInteractorOutput.swift; sourceTree = "<group>"; };
		E958275CA462A29D4F2DA857 /* createTaskPresenterTests.swift */ = {isa = PBXFileReference; includeInIndex = 1; lastKnownFileType = sourcecode.swift; path = createTaskPresenterTests.swift; sourceTree = "<group>"; };
		F0DFF099BB47E7BDCF4A6B79 /* const.swift */ = {isa = PBXFileReference; fileEncoding = 4; lastKnownFileType = sourcecode.swift; path = const.swift; sourceTree = "<group>"; };
		F0DFF1E328182544C772392C /* CreateTaskServiceInput.swift */ = {isa = PBXFileReference; fileEncoding = 4; lastKnownFileType = sourcecode.swift; path = CreateTaskServiceInput.swift; sourceTree = "<group>"; };
		F0DFF2718788505341095DBB /* CreateTaskServiceOutput.swift */ = {isa = PBXFileReference; fileEncoding = 4; lastKnownFileType = sourcecode.swift; path = CreateTaskServiceOutput.swift; sourceTree = "<group>"; };
		F0DFF3D6980C11483155715B /* DeleteTaskServiceInput.swift */ = {isa = PBXFileReference; fileEncoding = 4; lastKnownFileType = sourcecode.swift; path = DeleteTaskServiceInput.swift; sourceTree = "<group>"; };
		F0DFF52852E3092536A620BC /* ShareTaskService.swift */ = {isa = PBXFileReference; fileEncoding = 4; lastKnownFileType = sourcecode.swift; path = ShareTaskService.swift; sourceTree = "<group>"; };
		F0DFF6156630E6B78D928BE4 /* TaskService.swift */ = {isa = PBXFileReference; fileEncoding = 4; lastKnownFileType = sourcecode.swift; path = TaskService.swift; sourceTree = "<group>"; };
		F0DFF6F8E65515549B4FD64F /* ShareTaskServiceOutput.swift */ = {isa = PBXFileReference; fileEncoding = 4; lastKnownFileType = sourcecode.swift; path = ShareTaskServiceOutput.swift; sourceTree = "<group>"; };
		F0DFF8E27539299585AB269A /* NotificationServiceInput.swift */ = {isa = PBXFileReference; fileEncoding = 4; lastKnownFileType = sourcecode.swift; path = NotificationServiceInput.swift; sourceTree = "<group>"; };
		F0DFF9E536C1846790100E31 /* NotificationService.swift */ = {isa = PBXFileReference; fileEncoding = 4; lastKnownFileType = sourcecode.swift; path = NotificationService.swift; sourceTree = "<group>"; };
		F0DFFA5B1AB013E69852550F /* GetTaskServiceInput.swift */ = {isa = PBXFileReference; fileEncoding = 4; lastKnownFileType = sourcecode.swift; path = GetTaskServiceInput.swift; sourceTree = "<group>"; };
		F0DFFC39054BB73A904285BF /* DeleteTaskServiceOutput.swift */ = {isa = PBXFileReference; fileEncoding = 4; lastKnownFileType = sourcecode.swift; path = DeleteTaskServiceOutput.swift; sourceTree = "<group>"; };
		F0DFFCB726EA112719DA8517 /* ShareTaskServiceInput.swift */ = {isa = PBXFileReference; fileEncoding = 4; lastKnownFileType = sourcecode.swift; path = ShareTaskServiceInput.swift; sourceTree = "<group>"; };
		F0DFFCF82554FA31A2885B9A /* Error.swift */ = {isa = PBXFileReference; fileEncoding = 4; lastKnownFileType = sourcecode.swift; path = Error.swift; sourceTree = "<group>"; };
		F0DFFEFAC8D27642382AB137 /* GetTaskServiceOutput.swift */ = {isa = PBXFileReference; fileEncoding = 4; lastKnownFileType = sourcecode.swift; path = GetTaskServiceOutput.swift; sourceTree = "<group>"; };
		F34798F21C3B6EC6895BAFE4 /* TaskListPresenterTests.swift */ = {isa = PBXFileReference; includeInIndex = 1; lastKnownFileType = sourcecode.swift; path = TaskListPresenterTests.swift; sourceTree = "<group>"; };
		FB38168A9F4E5337932E0035 /* CreateTaskPresenter.swift */ = {isa = PBXFileReference; includeInIndex = 1; lastKnownFileType = sourcecode.swift; path = CreateTaskPresenter.swift; sourceTree = "<group>"; };
		FE81579A25E2D35DEA140218 /* Pods_anotherTodo.framework */ = {isa = PBXFileReference; explicitFileType = wrapper.framework; includeInIndex = 0; path = Pods_anotherTodo.framework; sourceTree = BUILT_PRODUCTS_DIR; };
/* End PBXFileReference section */

/* Begin PBXFrameworksBuildPhase section */
		36EBE43820EAB68C005F74CB /* Frameworks */ = {
			isa = PBXFrameworksBuildPhase;
			buildActionMask = 2147483647;
			files = (
				E066C177E8CF840307C49EA3 /* Pods_anotherTodo.framework in Frameworks */,
			);
			runOnlyForDeploymentPostprocessing = 0;
		};
		36EBE44F20EAB68E005F74CB /* Frameworks */ = {
			isa = PBXFrameworksBuildPhase;
			buildActionMask = 2147483647;
			files = (
				D9A900DFD2DE90C614DA20F9 /* Pods_anotherTodoTests.framework in Frameworks */,
			);
			runOnlyForDeploymentPostprocessing = 0;
		};
/* End PBXFrameworksBuildPhase section */

/* Begin PBXGroup section */
		04014449303B6ED8AF5F29D7 /* Presenter */ = {
			isa = PBXGroup;
			children = (
				F34798F21C3B6EC6895BAFE4 /* TaskListPresenterTests.swift */,
			);
			name = Presenter;
			path = Presenter;
			sourceTree = "<group>";
		};
		0F51F2F207AF4F0CB91DF835 /* Configurator */ = {
			isa = PBXGroup;
			children = (
				BBF0BE6BB0A3F498B6609D92 /* CreateTaskConfigurator.swift */,
				642036183B434CC2A371B860 /* CreateTaskInitializer.swift */,
			);
			name = Configurator;
			path = Configurator;
			sourceTree = "<group>";
		};
		0F5CE60CF6A8A566AD3CE538 /* Presenter */ = {
			isa = PBXGroup;
			children = (
				E958275CA462A29D4F2DA857 /* createTaskPresenterTests.swift */,
			);
			path = Presenter;
			sourceTree = "<group>";
		};
		195F2A524F4D04AF29DD7415 /* Interactor */ = {
			isa = PBXGroup;
			children = (
				80064612224558DBBCA8196C /* CreateTaskInteractorInput.swift */,
				E8AF5777446F073C3A641D35 /* CreateTaskInteractorOutput.swift */,
				558CC83D410BE4246B7929E2 /* CreateTaskInteractor.swift */,
			);
			name = Interactor;
			path = Interactor;
			sourceTree = "<group>";
		};
		1FAC65CBF06FF9014709FC7E /* Configurator */ = {
			isa = PBXGroup;
			children = (
				1FD42FCCF8D4DF513509460A /* TaskListConfiguratorTests.swift */,
			);
			name = Configurator;
			path = Configurator;
			sourceTree = "<group>";
		};
		27B88FB369FDD0323A15053B /* View */ = {
			isa = PBXGroup;
			children = (
				4BD0E63A68F66DB8C5BD16F8 /* CreateTaskViewInput.swift */,
				7FBF10F23B4D8BBA04C01D69 /* CreateTaskViewOutput.swift */,
				E83F9643519B411EDA9665D6 /* CreateTaskViewController.swift */,
			);
			name = View;
			path = View;
			sourceTree = "<group>";
		};
		284A4CD6FE29549EFEC650E0 /* TaskList */ = {
			isa = PBXGroup;
			children = (
				980BB583622A7A1DF2B802E0 /* View */,
				99C8B863EC36C030FEBB7AFE /* Presenter */,
				E8399DD688C35F5EEA0F4384 /* Interactor */,
				A9F4AB2511DF3F0A10A8313F /* Router */,
				9C4315A043C680F9C84B47BF /* Configurator */,
			);
			name = TaskList;
			path = TaskList;
			sourceTree = "<group>";
		};
		2AB295E8EF263B7214D8523C /* Router */ = {
			isa = PBXGroup;
			children = (
				0987107E430AAB696FC7C270 /* createTaskRouterTests.swift */,
			);
			path = Router;
			sourceTree = "<group>";
		};
		36EBE43220EAB68C005F74CB = {
			isa = PBXGroup;
			children = (
				36EBE43D20EAB68C005F74CB /* anotherTodo */,
				36EBE45520EAB68E005F74CB /* anotherTodoTests */,
				36EBE43C20EAB68C005F74CB /* Products */,
				7846C2B0503E206CA499AA4C /* Pods */,
				3E65EC5AF91B9E2CB001A7DB /* Frameworks */,
			);
			sourceTree = "<group>";
		};
		36EBE43C20EAB68C005F74CB /* Products */ = {
			isa = PBXGroup;
			children = (
				36EBE43B20EAB68C005F74CB /* anotherTodo.app */,
				36EBE45220EAB68E005F74CB /* anotherTodoTests.xctest */,
			);
			name = Products;
			sourceTree = "<group>";
		};
		36EBE43D20EAB68C005F74CB /* anotherTodo */ = {
			isa = PBXGroup;
			children = (
				36EBE43E20EAB68C005F74CB /* AppDelegate.swift */,
				36EBE44220EAB68C005F74CB /* Main.storyboard */,
				36EBE44820EAB68E005F74CB /* Assets.xcassets */,
				36EBE44A20EAB68E005F74CB /* LaunchScreen.storyboard */,
				36EBE44D20EAB68E005F74CB /* Info.plist */,
				36EBE44520EAB68C005F74CB /* anotherTodo.xcdatamodeld */,
				87C2DFB6B55E89E1F0C5DDC6 /* module */,
				F0DFFD99E3CD8020B5BD0E65 /* Service */,
			);
			path = anotherTodo;
			sourceTree = "<group>";
		};
		36EBE45520EAB68E005F74CB /* anotherTodoTests */ = {
			isa = PBXGroup;
			children = (
				36EBE45620EAB68E005F74CB /* anotherTodoTests.swift */,
				36EBE45820EAB68E005F74CB /* Info.plist */,
				9BACBEE1AC5D30BBB65FBF71 /* createTask */,
				6625F440F30865D7841BBD34 /* CreateTask */,
				67D0B0DF6A88B5B5B4B2ABB0 /* TaskList */,
			);
			path = anotherTodoTests;
			sourceTree = "<group>";
		};
		3E65EC5AF91B9E2CB001A7DB /* Frameworks */ = {
			isa = PBXGroup;
			children = (
				FE81579A25E2D35DEA140218 /* Pods_anotherTodo.framework */,
				8E8C433214196D3E7301626B /* Pods_anotherTodoTests.framework */,
			);
			name = Frameworks;
			sourceTree = "<group>";
		};
		45B57479D6C4F5CB58DFD2EA /* View */ = {
			isa = PBXGroup;
			children = (
				3406DB1B3F2CC7E9973980B0 /* CreateTaskViewTests.swift */,
			);
			name = View;
			path = View;
			sourceTree = "<group>";
		};
		6625F440F30865D7841BBD34 /* CreateTask */ = {
			isa = PBXGroup;
			children = (
				D3AB94F2385D60FFC77FB8E3 /* Configurator */,
				45B57479D6C4F5CB58DFD2EA /* View */,
				B17A6C70E8AEDFD13F86A234 /* Interactor */,
				BC73D8002242764A83592315 /* Presenter */,
				ECB8562FEECCD88ACDB47C68 /* Router */,
			);
			name = CreateTask;
			path = CreateTask;
			sourceTree = "<group>";
		};
		67D0B0DF6A88B5B5B4B2ABB0 /* TaskList */ = {
			isa = PBXGroup;
			children = (
				1FAC65CBF06FF9014709FC7E /* Configurator */,
				7312E3FBC0B4B77A3C4FA16C /* View */,
				B46DEFA3A132FE760FB32F3E /* Interactor */,
				04014449303B6ED8AF5F29D7 /* Presenter */,
				A39A66F84A7070B3068212F1 /* Router */,
			);
			name = TaskList;
			path = TaskList;
			sourceTree = "<group>";
		};
		6CD26E584E61BFE3D7805EB0 /* View */ = {
			isa = PBXGroup;
			children = (
				A2B32BB9C7521B3A3BF601C9 /* createTaskViewTests.swift */,
			);
			path = View;
			sourceTree = "<group>";
		};
		7312E3FBC0B4B77A3C4FA16C /* View */ = {
			isa = PBXGroup;
			children = (
				BA1E76794541536D9FDDC8BA /* TaskListViewTests.swift */,
			);
			name = View;
			path = View;
			sourceTree = "<group>";
		};
		75B981FFD77FC04F83D40932 /* Router */ = {
			isa = PBXGroup;
			children = (
				3A74C2EED54CD1254AEB5AE3 /* CreateTaskRouterInput.swift */,
				53156B922BC09CFC4C687A0D /* CreateTaskRouter.swift */,
			);
			name = Router;
			path = Router;
			sourceTree = "<group>";
		};
		7846C2B0503E206CA499AA4C /* Pods */ = {
			isa = PBXGroup;
			children = (
				ABCE5B815CF5B2BD9EE47E6A /* Pods-anotherTodo.debug.xcconfig */,
				92DE4519CE6F7B55436373C8 /* Pods-anotherTodo.release.xcconfig */,
				22187209D93E1BF927B7EB5E /* Pods-anotherTodoTests.debug.xcconfig */,
				091C8719432DA1B76F70BAE8 /* Pods-anotherTodoTests.release.xcconfig */,
			);
			name = Pods;
			sourceTree = "<group>";
		};
		87C2DFB6B55E89E1F0C5DDC6 /* module */ = {
			isa = PBXGroup;
			children = (
				C656120A9EEB80153C7B4167 /* CreateTask */,
				284A4CD6FE29549EFEC650E0 /* TaskList */,
			);
			path = module;
			sourceTree = "<group>";
		};
		980BB583622A7A1DF2B802E0 /* View */ = {
			isa = PBXGroup;
			children = (
				2A1BC6FE964DBC968F487942 /* TaskListViewInput.swift */,
				1A7D9131E3EFC488908E38B2 /* TaskListViewOutput.swift */,
				CF68E5C6F3D92B5B48F4432E /* TaskListViewController.swift */,
			);
			name = View;
			path = View;
			sourceTree = "<group>";
		};
		99C8B863EC36C030FEBB7AFE /* Presenter */ = {
			isa = PBXGroup;
			children = (
				2DCB0E4E2D08182A9547D4DF /* TaskListModuleInput.swift */,
				56F46A84021ECC4FDD033359 /* TaskListPresenter.swift */,
			);
			name = Presenter;
			path = Presenter;
			sourceTree = "<group>";
		};
		9BACBEE1AC5D30BBB65FBF71 /* createTask */ = {
			isa = PBXGroup;
			children = (
				DABE026A2B0EBB7D48C589D8 /* Configurator */,
				6CD26E584E61BFE3D7805EB0 /* View */,
				C6C09AA54765533A8D1046A4 /* Interactor */,
				0F5CE60CF6A8A566AD3CE538 /* Presenter */,
				2AB295E8EF263B7214D8523C /* Router */,
			);
			path = createTask;
			sourceTree = "<group>";
		};
		9C4315A043C680F9C84B47BF /* Configurator */ = {
			isa = PBXGroup;
			children = (
				95C48D4FE5001BB3F7CCD954 /* TaskListConfigurator.swift */,
				7955EC531941ABB9FFF9DF92 /* TaskListInitializer.swift */,
			);
			name = Configurator;
			path = Configurator;
			sourceTree = "<group>";
		};
		A39A66F84A7070B3068212F1 /* Router */ = {
			isa = PBXGroup;
			children = (
				839235EEA4E1AAAF90759722 /* TaskListRouterTests.swift */,
			);
			name = Router;
			path = Router;
			sourceTree = "<group>";
		};
		A9F4AB2511DF3F0A10A8313F /* Router */ = {
			isa = PBXGroup;
			children = (
				C64A0B3784818504722BD53F /* TaskListRouterInput.swift */,
				CC9FA029A212BAF32ADCB5E7 /* TaskListRouter.swift */,
			);
			name = Router;
			path = Router;
			sourceTree = "<group>";
		};
		B17A6C70E8AEDFD13F86A234 /* Interactor */ = {
			isa = PBXGroup;
			children = (
				2B7C860239360272A229978E /* CreateTaskInteractorTests.swift */,
			);
			name = Interactor;
			path = Interactor;
			sourceTree = "<group>";
		};
		B46DEFA3A132FE760FB32F3E /* Interactor */ = {
			isa = PBXGroup;
			children = (
				78C3C78D8D11DDA286256369 /* TaskListInteractorTests.swift */,
			);
			name = Interactor;
			path = Interactor;
			sourceTree = "<group>";
		};
		BC73D8002242764A83592315 /* Presenter */ = {
			isa = PBXGroup;
			children = (
				E201A21F3C6A8C4F470F0F85 /* CreateTaskPresenterTests.swift */,
			);
			name = Presenter;
			path = Presenter;
			sourceTree = "<group>";
		};
		C656120A9EEB80153C7B4167 /* CreateTask */ = {
			isa = PBXGroup;
			children = (
				27B88FB369FDD0323A15053B /* View */,
				CBEC8526785EBE7413FACF1D /* Presenter */,
				195F2A524F4D04AF29DD7415 /* Interactor */,
				75B981FFD77FC04F83D40932 /* Router */,
				0F51F2F207AF4F0CB91DF835 /* Configurator */,
				F0DFF099BB47E7BDCF4A6B79 /* const.swift */,
			);
			name = CreateTask;
			path = CreateTask;
			sourceTree = "<group>";
		};
		C6C09AA54765533A8D1046A4 /* Interactor */ = {
			isa = PBXGroup;
			children = (
				4705EEB2E9950562CA6B5260 /* createTaskInteractorTests.swift */,
			);
			path = Interactor;
			sourceTree = "<group>";
		};
		CBEC8526785EBE7413FACF1D /* Presenter */ = {
			isa = PBXGroup;
			children = (
				2C909748127053F5D6A2A1A9 /* CreateTaskModuleInput.swift */,
				FB38168A9F4E5337932E0035 /* CreateTaskPresenter.swift */,
			);
			name = Presenter;
			path = Presenter;
			sourceTree = "<group>";
		};
		D3AB94F2385D60FFC77FB8E3 /* Configurator */ = {
			isa = PBXGroup;
			children = (
				E227D8F10264AC4093D86116 /* CreateTaskConfiguratorTests.swift */,
			);
			name = Configurator;
			path = Configurator;
			sourceTree = "<group>";
		};
		DABE026A2B0EBB7D48C589D8 /* Configurator */ = {
			isa = PBXGroup;
			children = (
				009A25C72F4AA5DAC3D89378 /* createTaskConfiguratorTests.swift */,
			);
			path = Configurator;
			sourceTree = "<group>";
		};
		E8399DD688C35F5EEA0F4384 /* Interactor */ = {
			isa = PBXGroup;
			children = (
				5E2D799D18DD1E7DA46CCD62 /* TaskListInteractorInput.swift */,
				318625D45B34CAC06E65BD27 /* TaskListInteractorOutput.swift */,
				6D0CEFE8552625E74B6DA5DC /* TaskListInteractor.swift */,
			);
			name = Interactor;
			path = Interactor;
			sourceTree = "<group>";
		};
		ECB8562FEECCD88ACDB47C68 /* Router */ = {
			isa = PBXGroup;
			children = (
				351F9AA0340E0B2858DEC06A /* CreateTaskRouterTests.swift */,
			);
			name = Router;
			path = Router;
			sourceTree = "<group>";
		};
		F0DFFBA5CD9DEBE754A9AB9B /* notification */ = {
			isa = PBXGroup;
			children = (
				F0DFF9E536C1846790100E31 /* NotificationService.swift */,
				F0DFF8E27539299585AB269A /* NotificationServiceInput.swift */,
			);
			path = notification;
			sourceTree = "<group>";
		};
		F0DFFC16A33CBDA2C0FE0327 /* task */ = {
			isa = PBXGroup;
			children = (
				F0DFF1E328182544C772392C /* CreateTaskServiceInput.swift */,
				F0DFF2718788505341095DBB /* CreateTaskServiceOutput.swift */,
				F0DFF3D6980C11483155715B /* DeleteTaskServiceInput.swift */,
				F0DFFC39054BB73A904285BF /* DeleteTaskServiceOutput.swift */,
				F0DFFCF82554FA31A2885B9A /* Error.swift */,
				F0DFFA5B1AB013E69852550F /* GetTaskServiceInput.swift */,
				F0DFFEFAC8D27642382AB137 /* GetTaskServiceOutput.swift */,
				F0DFF6156630E6B78D928BE4 /* TaskService.swift */,
			);
			path = task;
			sourceTree = "<group>";
		};
		F0DFFC6FA6709D86F20270B3 /* shareTask */ = {
			isa = PBXGroup;
			children = (
				F0DFF52852E3092536A620BC /* ShareTaskService.swift */,
				F0DFFCB726EA112719DA8517 /* ShareTaskServiceInput.swift */,
				F0DFF6F8E65515549B4FD64F /* ShareTaskServiceOutput.swift */,
			);
			path = shareTask;
			sourceTree = "<group>";
		};
		F0DFFD99E3CD8020B5BD0E65 /* Service */ = {
			isa = PBXGroup;
			children = (
				F0DFFC16A33CBDA2C0FE0327 /* task */,
				F0DFFBA5CD9DEBE754A9AB9B /* notification */,
				F0DFFC6FA6709D86F20270B3 /* shareTask */,
			);
			path = Service;
			sourceTree = "<group>";
		};
/* End PBXGroup section */

/* Begin PBXNativeTarget section */
		36EBE43A20EAB68C005F74CB /* anotherTodo */ = {
			isa = PBXNativeTarget;
			buildConfigurationList = 36EBE45B20EAB68E005F74CB /* Build configuration list for PBXNativeTarget "anotherTodo" */;
			buildPhases = (
				FDC31E55E349F33A18CA494A /* [CP] Check Pods Manifest.lock */,
				36EBE43720EAB68C005F74CB /* Sources */,
				36EBE43820EAB68C005F74CB /* Frameworks */,
				36EBE43920EAB68C005F74CB /* Resources */,
				68C8D4896198C61A70A97CD7 /* [CP] Embed Pods Frameworks */,
			);
			buildRules = (
			);
			dependencies = (
			);
			name = anotherTodo;
			productName = anotherTodo;
			productReference = 36EBE43B20EAB68C005F74CB /* anotherTodo.app */;
			productType = "com.apple.product-type.application";
		};
		36EBE45120EAB68E005F74CB /* anotherTodoTests */ = {
			isa = PBXNativeTarget;
			buildConfigurationList = 36EBE45E20EAB68E005F74CB /* Build configuration list for PBXNativeTarget "anotherTodoTests" */;
			buildPhases = (
				F657E38DEF71DC27D72E81AE /* [CP] Check Pods Manifest.lock */,
				36EBE44E20EAB68E005F74CB /* Sources */,
				36EBE44F20EAB68E005F74CB /* Frameworks */,
				36EBE45020EAB68E005F74CB /* Resources */,
				A38CC071F2A579141B7A6D8A /* [CP] Embed Pods Frameworks */,
			);
			buildRules = (
			);
			dependencies = (
				36EBE45420EAB68E005F74CB /* PBXTargetDependency */,
			);
			name = anotherTodoTests;
			productName = anotherTodoTests;
			productReference = 36EBE45220EAB68E005F74CB /* anotherTodoTests.xctest */;
			productType = "com.apple.product-type.bundle.unit-test";
		};
/* End PBXNativeTarget section */

/* Begin PBXProject section */
		36EBE43320EAB68C005F74CB /* Project object */ = {
			isa = PBXProject;
			attributes = {
				LastSwiftUpdateCheck = 0940;
				LastUpgradeCheck = 0940;
				ORGANIZATIONNAME = "guillaume sabatié";
				TargetAttributes = {
					36EBE43A20EAB68C005F74CB = {
						CreatedOnToolsVersion = 9.4.1;
						ProvisioningStyle = Automatic;
					};
					36EBE45120EAB68E005F74CB = {
						CreatedOnToolsVersion = 9.4.1;
						ProvisioningStyle = Automatic;
						TestTargetID = 36EBE43A20EAB68C005F74CB;
					};
				};
			};
			buildConfigurationList = 36EBE43620EAB68C005F74CB /* Build configuration list for PBXProject "anotherTodo" */;
			compatibilityVersion = "Xcode 8.0";
			developmentRegion = en;
			hasScannedForEncodings = 0;
			knownRegions = (
				en,
				Base,
			);
			mainGroup = 36EBE43220EAB68C005F74CB;
			productRefGroup = 36EBE43C20EAB68C005F74CB /* Products */;
			projectDirPath = "";
			projectRoot = "";
			targets = (
				36EBE43A20EAB68C005F74CB /* anotherTodo */,
				36EBE45120EAB68E005F74CB /* anotherTodoTests */,
			);
		};
/* End PBXProject section */

/* Begin PBXResourcesBuildPhase section */
		36EBE43920EAB68C005F74CB /* Resources */ = {
			isa = PBXResourcesBuildPhase;
			buildActionMask = 2147483647;
			files = (
				36EBE44C20EAB68E005F74CB /* LaunchScreen.storyboard in Resources */,
				36EBE44920EAB68E005F74CB /* Assets.xcassets in Resources */,
				36EBE44420EAB68C005F74CB /* Main.storyboard in Resources */,
			);
			runOnlyForDeploymentPostprocessing = 0;
		};
		36EBE45020EAB68E005F74CB /* Resources */ = {
			isa = PBXResourcesBuildPhase;
			buildActionMask = 2147483647;
			files = (
			);
			runOnlyForDeploymentPostprocessing = 0;
		};
/* End PBXResourcesBuildPhase section */

/* Begin PBXShellScriptBuildPhase section */
		68C8D4896198C61A70A97CD7 /* [CP] Embed Pods Frameworks */ = {
			isa = PBXShellScriptBuildPhase;
			buildActionMask = 2147483647;
			files = (
			);
			inputPaths = (
				"${SRCROOT}/Pods/Target Support Files/Pods-anotherTodo/Pods-anotherTodo-frameworks.sh",
				"${BUILT_PRODUCTS_DIR}/DateTimePicker/DateTimePicker.framework",
				"${BUILT_PRODUCTS_DIR}/IQKeyboardManagerSwift/IQKeyboardManagerSwift.framework",
				"${BUILT_PRODUCTS_DIR}/TextFieldEffects/TextFieldEffects.framework",
			);
			name = "[CP] Embed Pods Frameworks";
			outputPaths = (
				"${TARGET_BUILD_DIR}/${FRAMEWORKS_FOLDER_PATH}/DateTimePicker.framework",
				"${TARGET_BUILD_DIR}/${FRAMEWORKS_FOLDER_PATH}/IQKeyboardManagerSwift.framework",
				"${TARGET_BUILD_DIR}/${FRAMEWORKS_FOLDER_PATH}/TextFieldEffects.framework",
			);
			runOnlyForDeploymentPostprocessing = 0;
			shellPath = /bin/sh;
			shellScript = "\"${SRCROOT}/Pods/Target Support Files/Pods-anotherTodo/Pods-anotherTodo-frameworks.sh\"\n";
			showEnvVarsInLog = 0;
		};
		A38CC071F2A579141B7A6D8A /* [CP] Embed Pods Frameworks */ = {
			isa = PBXShellScriptBuildPhase;
			buildActionMask = 2147483647;
			files = (
			);
			inputPaths = (
				"${SRCROOT}/Pods/Target Support Files/Pods-anotherTodoTests/Pods-anotherTodoTests-frameworks.sh",
				"${BUILT_PRODUCTS_DIR}/TextFieldEffects/TextFieldEffects.framework",
				"${BUILT_PRODUCTS_DIR}/Nimble/Nimble.framework",
				"${BUILT_PRODUCTS_DIR}/Quick/Quick.framework",
			);
			name = "[CP] Embed Pods Frameworks";
			outputPaths = (
				"${TARGET_BUILD_DIR}/${FRAMEWORKS_FOLDER_PATH}/TextFieldEffects.framework",
				"${TARGET_BUILD_DIR}/${FRAMEWORKS_FOLDER_PATH}/Nimble.framework",
				"${TARGET_BUILD_DIR}/${FRAMEWORKS_FOLDER_PATH}/Quick.framework",
			);
			runOnlyForDeploymentPostprocessing = 0;
			shellPath = /bin/sh;
			shellScript = "\"${SRCROOT}/Pods/Target Support Files/Pods-anotherTodoTests/Pods-anotherTodoTests-frameworks.sh\"\n";
			showEnvVarsInLog = 0;
		};
		F657E38DEF71DC27D72E81AE /* [CP] Check Pods Manifest.lock */ = {
			isa = PBXShellScriptBuildPhase;
			buildActionMask = 2147483647;
			files = (
			);
			inputPaths = (
				"${PODS_PODFILE_DIR_PATH}/Podfile.lock",
				"${PODS_ROOT}/Manifest.lock",
			);
			name = "[CP] Check Pods Manifest.lock";
			outputPaths = (
				"$(DERIVED_FILE_DIR)/Pods-anotherTodoTests-checkManifestLockResult.txt",
			);
			runOnlyForDeploymentPostprocessing = 0;
			shellPath = /bin/sh;
			shellScript = "diff \"${PODS_PODFILE_DIR_PATH}/Podfile.lock\" \"${PODS_ROOT}/Manifest.lock\" > /dev/null\nif [ $? != 0 ] ; then\n    # print error to STDERR\n    echo \"error: The sandbox is not in sync with the Podfile.lock. Run 'pod install' or update your CocoaPods installation.\" >&2\n    exit 1\nfi\n# This output is used by Xcode 'outputs' to avoid re-running this script phase.\necho \"SUCCESS\" > \"${SCRIPT_OUTPUT_FILE_0}\"\n";
			showEnvVarsInLog = 0;
		};
		FDC31E55E349F33A18CA494A /* [CP] Check Pods Manifest.lock */ = {
			isa = PBXShellScriptBuildPhase;
			buildActionMask = 2147483647;
			files = (
			);
			inputPaths = (
				"${PODS_PODFILE_DIR_PATH}/Podfile.lock",
				"${PODS_ROOT}/Manifest.lock",
			);
			name = "[CP] Check Pods Manifest.lock";
			outputPaths = (
				"$(DERIVED_FILE_DIR)/Pods-anotherTodo-checkManifestLockResult.txt",
			);
			runOnlyForDeploymentPostprocessing = 0;
			shellPath = /bin/sh;
			shellScript = "diff \"${PODS_PODFILE_DIR_PATH}/Podfile.lock\" \"${PODS_ROOT}/Manifest.lock\" > /dev/null\nif [ $? != 0 ] ; then\n    # print error to STDERR\n    echo \"error: The sandbox is not in sync with the Podfile.lock. Run 'pod install' or update your CocoaPods installation.\" >&2\n    exit 1\nfi\n# This output is used by Xcode 'outputs' to avoid re-running this script phase.\necho \"SUCCESS\" > \"${SCRIPT_OUTPUT_FILE_0}\"\n";
			showEnvVarsInLog = 0;
		};
/* End PBXShellScriptBuildPhase section */

/* Begin PBXSourcesBuildPhase section */
		36EBE43720EAB68C005F74CB /* Sources */ = {
			isa = PBXSourcesBuildPhase;
			buildActionMask = 2147483647;
			files = (
				36EBE44720EAB68C005F74CB /* anotherTodo.xcdatamodeld in Sources */,
				36EBE43F20EAB68C005F74CB /* AppDelegate.swift in Sources */,
				911C3A7F6FA5BC76DD710552 /* CreateTaskViewInput.swift in Sources */,
				D07AA85263746F35D66D7BF9 /* CreateTaskViewOutput.swift in Sources */,
				F36DDE12C280ABEE9340D8BC /* CreateTaskViewController.swift in Sources */,
				7CD2142D7F240BBAFD135C9F /* CreateTaskModuleInput.swift in Sources */,
				464FAC0110E96C38DF5F91BC /* CreateTaskPresenter.swift in Sources */,
				4C6446683C35C162C2461CEE /* CreateTaskInteractorInput.swift in Sources */,
				3B81FCD2A4FA56D41D068B08 /* CreateTaskInteractorOutput.swift in Sources */,
				AAF03D78F16030DB158A1730 /* CreateTaskInteractor.swift in Sources */,
				27A1246BE55DA6EBC216C0CB /* CreateTaskRouterInput.swift in Sources */,
				86E62E8747EA7EA6F735C784 /* CreateTaskRouter.swift in Sources */,
				297CE1C617FC5AF63A9D0A31 /* CreateTaskConfigurator.swift in Sources */,
				14642FF72D5F0E0795084EC7 /* CreateTaskInitializer.swift in Sources */,
				F0DFFBA55C5913BCA3A164A2 /* const.swift in Sources */,
				966DCBB80EB27B0C636C164C /* TaskListViewInput.swift in Sources */,
				3F4636BB2DFA583B61887FA0 /* TaskListViewOutput.swift in Sources */,
				6AD5A91909FEA306E54A9136 /* TaskListViewController.swift in Sources */,
				F8F980F1D4F7D1457BA48E63 /* TaskListModuleInput.swift in Sources */,
				D957EE2F071D01879B93A474 /* TaskListPresenter.swift in Sources */,
				69F4E27B2ACA97C5385F750B /* TaskListInteractorInput.swift in Sources */,
				28C3BC9DFCC6B0916E8D4CB2 /* TaskListInteractorOutput.swift in Sources */,
				2D939ACCAA4067D22C519D7B /* TaskListInteractor.swift in Sources */,
				9ECB32AD8EEAD899D4189A3A /* TaskListRouterInput.swift in Sources */,
				D6D8D02FD329DF66BCCCF2AD /* TaskListRouter.swift in Sources */,
				D666E667F876F4587E62C06E /* TaskListConfigurator.swift in Sources */,
				013AC0D23336F072FAC8812E /* TaskListInitializer.swift in Sources */,
				F0DFF6A6E45240D9BA422E65 /* CreateTaskServiceInput.swift in Sources */,
				F0DFFCB0593C2B799684A4DA /* CreateTaskServiceOutput.swift in Sources */,
				F0DFF121B07D9B66A79D809C /* DeleteTaskServiceInput.swift in Sources */,
				F0DFFA3BD64D39BA122ABC90 /* DeleteTaskServiceOutput.swift in Sources */,
				F0DFF3AF882A171E929BFBD1 /* Error.swift in Sources */,
				F0DFFF7BFBBB93E9ACAF2047 /* GetTaskServiceInput.swift in Sources */,
				F0DFF59F2A506D5F184A7C29 /* GetTaskServiceOutput.swift in Sources */,
				F0DFFB3FCE459345177B64E4 /* TaskService.swift in Sources */,
				F0DFFE46AC9F088D6A985C3E /* NotificationService.swift in Sources */,
				F0DFFA1E68FE1EC50885A59C /* NotificationServiceInput.swift in Sources */,
				F0DFF8137A4611C3899EED0B /* ShareTaskService.swift in Sources */,
				F0DFF01E09CAFFA5333C556F /* ShareTaskServiceInput.swift in Sources */,
				F0DFF48DDC367C61989D436D /* ShareTaskServiceOutput.swift in Sources */,
			);
			runOnlyForDeploymentPostprocessing = 0;
		};
		36EBE44E20EAB68E005F74CB /* Sources */ = {
			isa = PBXSourcesBuildPhase;
			buildActionMask = 2147483647;
			files = (
				36EBE45720EAB68E005F74CB /* anotherTodoTests.swift in Sources */,
				47429DD0D867D98A9ABFB196 /* createTaskConfiguratorTests.swift in Sources */,
				2A8E37ECCC3A2EAD47628B44 /* createTaskViewTests.swift in Sources */,
				21B8D410F3A10A116CEF57DD /* createTaskInteractorTests.swift in Sources */,
				DC41686AE1CE7B1147A05B5D /* createTaskPresenterTests.swift in Sources */,
				00EE3ACA1E263025DA91D291 /* createTaskRouterTests.swift in Sources */,
				3230F47BA6DD3A3CA1F00056 /* CreateTaskConfiguratorTests.swift in Sources */,
				768773F4611FF4FCB6002FFA /* CreateTaskViewTests.swift in Sources */,
				DE71AD231F9CD04CD3E59212 /* CreateTaskInteractorTests.swift in Sources */,
				FFA6A1CD49D160C4C7980FC3 /* CreateTaskPresenterTests.swift in Sources */,
				5F5D9C2133D7677BD7620445 /* CreateTaskRouterTests.swift in Sources */,
				7C827C61ACA7D3990E7601B8 /* TaskListConfiguratorTests.swift in Sources */,
				026CF6993E87E68FD5001461 /* TaskListViewTests.swift in Sources */,
				C426E5998B24FF98439AA540 /* TaskListInteractorTests.swift in Sources */,
				DA6DF2676F87F4C875ACBB55 /* TaskListPresenterTests.swift in Sources */,
				1A5EE505B7CB720EE445A627 /* TaskListRouterTests.swift in Sources */,
			);
			runOnlyForDeploymentPostprocessing = 0;
		};
/* End PBXSourcesBuildPhase section */

/* Begin PBXTargetDependency section */
		36EBE45420EAB68E005F74CB /* PBXTargetDependency */ = {
			isa = PBXTargetDependency;
			target = 36EBE43A20EAB68C005F74CB /* anotherTodo */;
			targetProxy = 36EBE45320EAB68E005F74CB /* PBXContainerItemProxy */;
		};
/* End PBXTargetDependency section */

/* Begin PBXVariantGroup section */
		36EBE44220EAB68C005F74CB /* Main.storyboard */ = {
			isa = PBXVariantGroup;
			children = (
				36EBE44320EAB68C005F74CB /* Base */,
			);
			name = Main.storyboard;
			sourceTree = "<group>";
		};
		36EBE44A20EAB68E005F74CB /* LaunchScreen.storyboard */ = {
			isa = PBXVariantGroup;
			children = (
				36EBE44B20EAB68E005F74CB /* Base */,
			);
			name = LaunchScreen.storyboard;
			sourceTree = "<group>";
		};
/* End PBXVariantGroup section */

/* Begin XCBuildConfiguration section */
		36EBE45920EAB68E005F74CB /* Debug */ = {
			isa = XCBuildConfiguration;
			buildSettings = {
				ALWAYS_SEARCH_USER_PATHS = NO;
				CLANG_ANALYZER_NONNULL = YES;
				CLANG_ANALYZER_NUMBER_OBJECT_CONVERSION = YES_AGGRESSIVE;
				CLANG_CXX_LANGUAGE_STANDARD = "gnu++14";
				CLANG_CXX_LIBRARY = "libc++";
				CLANG_ENABLE_MODULES = YES;
				CLANG_ENABLE_OBJC_ARC = YES;
				CLANG_ENABLE_OBJC_WEAK = YES;
				CLANG_WARN_BLOCK_CAPTURE_AUTORELEASING = YES;
				CLANG_WARN_BOOL_CONVERSION = YES;
				CLANG_WARN_COMMA = YES;
				CLANG_WARN_CONSTANT_CONVERSION = YES;
				CLANG_WARN_DEPRECATED_OBJC_IMPLEMENTATIONS = YES;
				CLANG_WARN_DIRECT_OBJC_ISA_USAGE = YES_ERROR;
				CLANG_WARN_DOCUMENTATION_COMMENTS = YES;
				CLANG_WARN_EMPTY_BODY = YES;
				CLANG_WARN_ENUM_CONVERSION = YES;
				CLANG_WARN_INFINITE_RECURSION = YES;
				CLANG_WARN_INT_CONVERSION = YES;
				CLANG_WARN_NON_LITERAL_NULL_CONVERSION = YES;
				CLANG_WARN_OBJC_IMPLICIT_RETAIN_SELF = YES;
				CLANG_WARN_OBJC_LITERAL_CONVERSION = YES;
				CLANG_WARN_OBJC_ROOT_CLASS = YES_ERROR;
				CLANG_WARN_RANGE_LOOP_ANALYSIS = YES;
				CLANG_WARN_STRICT_PROTOTYPES = YES;
				CLANG_WARN_SUSPICIOUS_MOVE = YES;
				CLANG_WARN_UNGUARDED_AVAILABILITY = YES_AGGRESSIVE;
				CLANG_WARN_UNREACHABLE_CODE = YES;
				CLANG_WARN__DUPLICATE_METHOD_MATCH = YES;
				CODE_SIGN_IDENTITY = "iPhone Developer";
				COPY_PHASE_STRIP = NO;
				DEBUG_INFORMATION_FORMAT = dwarf;
				ENABLE_STRICT_OBJC_MSGSEND = YES;
				ENABLE_TESTABILITY = YES;
				GCC_C_LANGUAGE_STANDARD = gnu11;
				GCC_DYNAMIC_NO_PIC = NO;
				GCC_NO_COMMON_BLOCKS = YES;
				GCC_OPTIMIZATION_LEVEL = 0;
				GCC_PREPROCESSOR_DEFINITIONS = (
					"DEBUG=1",
					"$(inherited)",
				);
				GCC_WARN_64_TO_32_BIT_CONVERSION = YES;
				GCC_WARN_ABOUT_RETURN_TYPE = YES_ERROR;
				GCC_WARN_UNDECLARED_SELECTOR = YES;
				GCC_WARN_UNINITIALIZED_AUTOS = YES_AGGRESSIVE;
				GCC_WARN_UNUSED_FUNCTION = YES;
				GCC_WARN_UNUSED_VARIABLE = YES;
				IPHONEOS_DEPLOYMENT_TARGET = 11.4;
				MTL_ENABLE_DEBUG_INFO = YES;
				ONLY_ACTIVE_ARCH = YES;
				SDKROOT = iphoneos;
				SWIFT_ACTIVE_COMPILATION_CONDITIONS = DEBUG;
				SWIFT_OPTIMIZATION_LEVEL = "-Onone";
			};
			name = Debug;
		};
		36EBE45A20EAB68E005F74CB /* Release */ = {
			isa = XCBuildConfiguration;
			buildSettings = {
				ALWAYS_SEARCH_USER_PATHS = NO;
				CLANG_ANALYZER_NONNULL = YES;
				CLANG_ANALYZER_NUMBER_OBJECT_CONVERSION = YES_AGGRESSIVE;
				CLANG_CXX_LANGUAGE_STANDARD = "gnu++14";
				CLANG_CXX_LIBRARY = "libc++";
				CLANG_ENABLE_MODULES = YES;
				CLANG_ENABLE_OBJC_ARC = YES;
				CLANG_ENABLE_OBJC_WEAK = YES;
				CLANG_WARN_BLOCK_CAPTURE_AUTORELEASING = YES;
				CLANG_WARN_BOOL_CONVERSION = YES;
				CLANG_WARN_COMMA = YES;
				CLANG_WARN_CONSTANT_CONVERSION = YES;
				CLANG_WARN_DEPRECATED_OBJC_IMPLEMENTATIONS = YES;
				CLANG_WARN_DIRECT_OBJC_ISA_USAGE = YES_ERROR;
				CLANG_WARN_DOCUMENTATION_COMMENTS = YES;
				CLANG_WARN_EMPTY_BODY = YES;
				CLANG_WARN_ENUM_CONVERSION = YES;
				CLANG_WARN_INFINITE_RECURSION = YES;
				CLANG_WARN_INT_CONVERSION = YES;
				CLANG_WARN_NON_LITERAL_NULL_CONVERSION = YES;
				CLANG_WARN_OBJC_IMPLICIT_RETAIN_SELF = YES;
				CLANG_WARN_OBJC_LITERAL_CONVERSION = YES;
				CLANG_WARN_OBJC_ROOT_CLASS = YES_ERROR;
				CLANG_WARN_RANGE_LOOP_ANALYSIS = YES;
				CLANG_WARN_STRICT_PROTOTYPES = YES;
				CLANG_WARN_SUSPICIOUS_MOVE = YES;
				CLANG_WARN_UNGUARDED_AVAILABILITY = YES_AGGRESSIVE;
				CLANG_WARN_UNREACHABLE_CODE = YES;
				CLANG_WARN__DUPLICATE_METHOD_MATCH = YES;
				CODE_SIGN_IDENTITY = "iPhone Developer";
				COPY_PHASE_STRIP = NO;
				DEBUG_INFORMATION_FORMAT = "dwarf-with-dsym";
				ENABLE_NS_ASSERTIONS = NO;
				ENABLE_STRICT_OBJC_MSGSEND = YES;
				GCC_C_LANGUAGE_STANDARD = gnu11;
				GCC_NO_COMMON_BLOCKS = YES;
				GCC_WARN_64_TO_32_BIT_CONVERSION = YES;
				GCC_WARN_ABOUT_RETURN_TYPE = YES_ERROR;
				GCC_WARN_UNDECLARED_SELECTOR = YES;
				GCC_WARN_UNINITIALIZED_AUTOS = YES_AGGRESSIVE;
				GCC_WARN_UNUSED_FUNCTION = YES;
				GCC_WARN_UNUSED_VARIABLE = YES;
				IPHONEOS_DEPLOYMENT_TARGET = 11.4;
				MTL_ENABLE_DEBUG_INFO = NO;
				SDKROOT = iphoneos;
				SWIFT_OPTIMIZATION_LEVEL = "-Owholemodule";
				VALIDATE_PRODUCT = YES;
			};
			name = Release;
		};
		36EBE45C20EAB68E005F74CB /* Debug */ = {
			isa = XCBuildConfiguration;
			baseConfigurationReference = ABCE5B815CF5B2BD9EE47E6A /* Pods-anotherTodo.debug.xcconfig */;
			buildSettings = {
				ASSETCATALOG_COMPILER_APPICON_NAME = AppIcon;
				CODE_SIGN_STYLE = Automatic;
				DEVELOPMENT_TEAM = WGQV3YPMH6;
				INFOPLIST_FILE = anotherTodo/Info.plist;
				LD_RUNPATH_SEARCH_PATHS = "$(inherited) @executable_path/Frameworks";
				PRODUCT_BUNDLE_IDENTIFIER = com.gsabatie.anotherTodo;
				PRODUCT_NAME = "$(TARGET_NAME)";
				SWIFT_VERSION = 4.0;
				TARGETED_DEVICE_FAMILY = "1,2";
			};
			name = Debug;
		};
		36EBE45D20EAB68E005F74CB /* Release */ = {
			isa = XCBuildConfiguration;
			baseConfigurationReference = 92DE4519CE6F7B55436373C8 /* Pods-anotherTodo.release.xcconfig */;
			buildSettings = {
				ASSETCATALOG_COMPILER_APPICON_NAME = AppIcon;
				CODE_SIGN_STYLE = Automatic;
				DEVELOPMENT_TEAM = WGQV3YPMH6;
				INFOPLIST_FILE = anotherTodo/Info.plist;
				LD_RUNPATH_SEARCH_PATHS = "$(inherited) @executable_path/Frameworks";
				PRODUCT_BUNDLE_IDENTIFIER = com.gsabatie.anotherTodo;
				PRODUCT_NAME = "$(TARGET_NAME)";
				SWIFT_VERSION = 4.0;
				TARGETED_DEVICE_FAMILY = "1,2";
			};
			name = Release;
		};
		36EBE45F20EAB68E005F74CB /* Debug */ = {
			isa = XCBuildConfiguration;
			baseConfigurationReference = 22187209D93E1BF927B7EB5E /* Pods-anotherTodoTests.debug.xcconfig */;
			buildSettings = {
				ALWAYS_EMBED_SWIFT_STANDARD_LIBRARIES = YES;
				BUNDLE_LOADER = "$(TEST_HOST)";
				CODE_SIGN_STYLE = Automatic;
				DEVELOPMENT_TEAM = WGQV3YPMH6;
				INFOPLIST_FILE = anotherTodoTests/Info.plist;
				LD_RUNPATH_SEARCH_PATHS = "$(inherited) @executable_path/Frameworks @loader_path/Frameworks";
				PRODUCT_BUNDLE_IDENTIFIER = com.gsabatie.anotherTodoTests;
				PRODUCT_NAME = "$(TARGET_NAME)";
				SWIFT_VERSION = 4.0;
				TARGETED_DEVICE_FAMILY = "1,2";
				TEST_HOST = "$(BUILT_PRODUCTS_DIR)/anotherTodo.app/anotherTodo";
			};
			name = Debug;
		};
		36EBE46020EAB68E005F74CB /* Release */ = {
			isa = XCBuildConfiguration;
			baseConfigurationReference = 091C8719432DA1B76F70BAE8 /* Pods-anotherTodoTests.release.xcconfig */;
			buildSettings = {
				ALWAYS_EMBED_SWIFT_STANDARD_LIBRARIES = YES;
				BUNDLE_LOADER = "$(TEST_HOST)";
				CODE_SIGN_STYLE = Automatic;
				DEVELOPMENT_TEAM = WGQV3YPMH6;
				INFOPLIST_FILE = anotherTodoTests/Info.plist;
				LD_RUNPATH_SEARCH_PATHS = "$(inherited) @executable_path/Frameworks @loader_path/Frameworks";
				PRODUCT_BUNDLE_IDENTIFIER = com.gsabatie.anotherTodoTests;
				PRODUCT_NAME = "$(TARGET_NAME)";
				SWIFT_VERSION = 4.0;
				TARGETED_DEVICE_FAMILY = "1,2";
				TEST_HOST = "$(BUILT_PRODUCTS_DIR)/anotherTodo.app/anotherTodo";
			};
			name = Release;
		};
/* End XCBuildConfiguration section */

/* Begin XCConfigurationList section */
		36EBE43620EAB68C005F74CB /* Build configuration list for PBXProject "anotherTodo" */ = {
			isa = XCConfigurationList;
			buildConfigurations = (
				36EBE45920EAB68E005F74CB /* Debug */,
				36EBE45A20EAB68E005F74CB /* Release */,
			);
			defaultConfigurationIsVisible = 0;
			defaultConfigurationName = Release;
		};
		36EBE45B20EAB68E005F74CB /* Build configuration list for PBXNativeTarget "anotherTodo" */ = {
			isa = XCConfigurationList;
			buildConfigurations = (
				36EBE45C20EAB68E005F74CB /* Debug */,
				36EBE45D20EAB68E005F74CB /* Release */,
			);
			defaultConfigurationIsVisible = 0;
			defaultConfigurationName = Release;
		};
		36EBE45E20EAB68E005F74CB /* Build configuration list for PBXNativeTarget "anotherTodoTests" */ = {
			isa = XCConfigurationList;
			buildConfigurations = (
				36EBE45F20EAB68E005F74CB /* Debug */,
				36EBE46020EAB68E005F74CB /* Release */,
			);
			defaultConfigurationIsVisible = 0;
			defaultConfigurationName = Release;
		};
/* End XCConfigurationList section */

/* Begin XCVersionGroup section */
		36EBE44520EAB68C005F74CB /* anotherTodo.xcdatamodeld */ = {
			isa = XCVersionGroup;
			children = (
				36EBE44620EAB68C005F74CB /* anotherTodo.xcdatamodel */,
			);
			currentVersion = 36EBE44620EAB68C005F74CB /* anotherTodo.xcdatamodel */;
			path = anotherTodo.xcdatamodeld;
			sourceTree = "<group>";
			versionGroupType = wrapper.xcdatamodel;
		};
/* End XCVersionGroup section */
	};
	rootObject = 36EBE43320EAB68C005F74CB /* Project object */;
}
